
Microsoft Visual Studio Solution File, Format Version 12.00
# Visual Studio Version 16
VisualStudioVersion = 16.0.31702.278
MinimumVisualStudioVersion = 10.0.40219.1
Project("{FAE04EC0-301F-11D3-BF4B-00C04F79EFBC}") = "PM01", "PM01.csproj", "{72DE64FA-DDCF-47EC-B926-82CFD2A91215}"
EndProject
Global
	GlobalSection(SolutionConfigurationPlatforms) = preSolution
		Debug|Any CPU = Debug|Any CPU
		Release|Any CPU = Release|Any CPU
	EndGlobalSection
	GlobalSection(ProjectConfigurationPlatforms) = postSolution
		{72DE64FA-DDCF-47EC-B926-82CFD2A91215}.Debug|Any CPU.ActiveCfg = Debug|Any CPU
		{72DE64FA-DDCF-47EC-B926-82CFD2A91215}.Debug|Any CPU.Build.0 = Debug|Any CPU
		{72DE64FA-DDCF-47EC-B926-82CFD2A91215}.Release|Any CPU.ActiveCfg = Release|Any CPU
		{72DE64FA-DDCF-47EC-B926-82CFD2A91215}.Release|Any CPU.Build.0 = Release|Any CPU
	EndGlobalSection
	GlobalSection(SolutionProperties) = preSolution
		HideSolutionNode = FALSE
	EndGlobalSection
	GlobalSection(ExtensibilityGlobals) = postSolution
		SolutionGuid = {3BC60B4F-EC38-4AB2-997C-F0135E2D30EC}
	EndGlobalSection
EndGlobal
